
Microsoft Visual Studio Solution File, Format Version 12.00
# Visual Studio Version 16
VisualStudioVersion = 16.0.29613.14
MinimumVisualStudioVersion = 10.0.40219.1
Project("{FAE04EC0-301F-11D3-BF4B-00C04F79EFBC}") = "rejestr_ludzikow_zaginionych_v5", "rejestr_ludzikow_zaginionych_v5\rejestr_ludzikow_zaginionych_v5.csproj", "{74D1C5B3-2026-466A-8D8F-89E2CAAD2A19}"
EndProject
Global
	GlobalSection(SolutionConfigurationPlatforms) = preSolution
		Debug|Any CPU = Debug|Any CPU
		Release|Any CPU = Release|Any CPU
	EndGlobalSection
	GlobalSection(ProjectConfigurationPlatforms) = postSolution
		{74D1C5B3-2026-466A-8D8F-89E2CAAD2A19}.Debug|Any CPU.ActiveCfg = Debug|Any CPU
		{74D1C5B3-2026-466A-8D8F-89E2CAAD2A19}.Debug|Any CPU.Build.0 = Debug|Any CPU
		{74D1C5B3-2026-466A-8D8F-89E2CAAD2A19}.Release|Any CPU.ActiveCfg = Release|Any CPU
		{74D1C5B3-2026-466A-8D8F-89E2CAAD2A19}.Release|Any CPU.Build.0 = Release|Any CPU
	EndGlobalSection
	GlobalSection(SolutionProperties) = preSolution
		HideSolutionNode = FALSE
	EndGlobalSection
	GlobalSection(ExtensibilityGlobals) = postSolution
		SolutionGuid = {107FE373-9CC9-44F2-BE2D-A4134413BA61}
	EndGlobalSection
EndGlobal
